{
  "name": "opus-decoder",
  "version": "0.5.4",
  "lockfileVersion": 2,
  "requires": true,
  "packages": {
    "": {
      "name": "opus-decoder",
      "version": "0.5.4",
      "license": "MIT",
      "dependencies": {
        "@wasm-audio-decoders/common": "5.1.1"
      },
      "funding": {
        "type": "individual",
        "url": "https://github.com/sponsors/eshaz"
      }
    },
    "node_modules/@eshaz/web-worker": {
      "version": "1.2.0",
      "resolved": "https://registry.npmjs.org/@eshaz/web-worker/-/web-worker-1.2.0.tgz",
      "integrity": "sha512-HWobmNKFZ8eARo39vEjkviTIISudgzrTyAqab9pOB/qNfnUPIUUMZv6+eEUUfXnkqWCLS3zreTn9YzaRvO8vIA=="
    },
    "node_modules/@wasm-audio-decoders/common": {
      "version": "5.1.1",
      "resolved": "https://registry.npmjs.org/@wasm-audio-decoders/common/-/common-5.1.1.tgz",
      "integrity": "sha512-XceP6g2l+ZJScMlwVEAQq2i4O0qtD21nXcG4HZbnAFglwngfTciB3HIgLYOlhKyAZ70t5gqoVspp3RNFfN0qbg==",
      "dependencies": {
        "@eshaz/web-worker": "1.2.0"
      }
    }
  },
  "dependencies": {
    "@eshaz/web-worker": {
      "version": "1.2.0",
      "resolved": "https://registry.npmjs.org/@eshaz/web-worker/-/web-worker-1.2.0.tgz",
      "integrity": "sha512-HWobmNKFZ8eARo39vEjkviTIISudgzrTyAqab9pOB/qNfnUPIUUMZv6+eEUUfXnkqWCLS3zreTn9YzaRvO8vIA=="
    },
    "@wasm-audio-decoders/common": {
      "version": "5.1.1",
      "resolved": "https://registry.npmjs.org/@wasm-audio-decoders/common/-/common-5.1.1.tgz",
      "integrity": "sha512-XceP6g2l+ZJScMlwVEAQq2i4O0qtD21nXcG4HZbnAFglwngfTciB3HIgLYOlhKyAZ70t5gqoVspp3RNFfN0qbg==",
      "requires": {
        "@eshaz/web-worker": "1.2.0"
      }
    }
  }
}
