{
  "name": "opus-decoder",
  "version": "0.4.4",
  "lockfileVersion": 2,
  "requires": true,
  "packages": {
    "": {
      "name": "opus-decoder",
      "version": "0.4.4",
      "license": "MIT",
      "dependencies": {
        "@wasm-audio-decoders/common": "../common"
      },
      "funding": {
        "type": "individual",
        "url": "https://github.com/sponsors/eshaz"
      }
    },
    "../common": {
      "version": "4.0.0",
      "license": "MIT",
      "dependencies": {
        "web-worker": "^1.1.0"
      }
    },
    "node_modules/@wasm-audio-decoders/common": {
      "resolved": "../common",
      "link": true
    }
  },
  "dependencies": {
    "@wasm-audio-decoders/common": {
      "version": "file:../common",
      "requires": {
        "web-worker": "^1.1.0"
      }
    }
  }
}
