{
  "name": "@wasm-audio-decoders/flac",
  "version": "0.2.1",
  "lockfileVersion": 3,
  "requires": true,
  "packages": {
    "": {
      "name": "@wasm-audio-decoders/flac",
      "version": "0.2.1",
      "license": "MIT",
      "dependencies": {
        "@wasm-audio-decoders/common": "9.0.2",
        "codec-parser": "2.4.3"
      },
      "funding": {
        "type": "individual",
        "url": "https://github.com/sponsors/eshaz"
      }
    },
    "../common": {
      "name": "@wasm-audio-decoders/common",
      "version": "9.0.2",
      "license": "MIT",
      "dependencies": {
        "@eshaz/web-worker": "1.2.1"
      }
    },
    "node_modules/@wasm-audio-decoders/common": {
      "resolved": "../common",
      "link": true
    },
    "node_modules/codec-parser": {
      "version": "2.4.3",
      "resolved": "https://registry.npmjs.org/codec-parser/-/codec-parser-2.4.3.tgz",
      "integrity": "sha512-3dAvFtdpxn4YLstqsB2ZiJXXNg7n1j7R5ONeDuk+2kBkb39PwrCRytOFHlSWA8q5jCjW3PumeMv9q37bFHsijg=="
    }
  }
}
