{
  "name": "@wasm-audio-decoders/flac",
  "version": "0.1.3",
  "lockfileVersion": 2,
  "requires": true,
  "packages": {
    "": {
      "name": "@wasm-audio-decoders/flac",
      "version": "0.1.3",
      "license": "MIT",
      "dependencies": {
        "@wasm-audio-decoders/common": "6.1.0",
        "codec-parser": "2.2.0"
      },
      "funding": {
        "type": "individual",
        "url": "https://github.com/sponsors/eshaz"
      }
    },
    "node_modules/@eshaz/web-worker": {
      "version": "1.2.0",
      "resolved": "https://registry.npmjs.org/@eshaz/web-worker/-/web-worker-1.2.0.tgz",
      "integrity": "sha512-HWobmNKFZ8eARo39vEjkviTIISudgzrTyAqab9pOB/qNfnUPIUUMZv6+eEUUfXnkqWCLS3zreTn9YzaRvO8vIA=="
    },
    "node_modules/@wasm-audio-decoders/common": {
      "version": "6.1.0",
      "resolved": "https://registry.npmjs.org/@wasm-audio-decoders/common/-/common-6.1.0.tgz",
      "integrity": "sha512-uWjPUq8VNnNsn8KYZDwlDJFsjDKumCT9S3lADMQbcqbImch777CrrGzh7jfmFNrumpNfPNL2SGmzm5JhWHbG/g==",
      "dependencies": {
        "@eshaz/web-worker": "1.2.0"
      }
    },
    "node_modules/codec-parser": {
      "version": "2.2.0",
      "resolved": "https://registry.npmjs.org/codec-parser/-/codec-parser-2.2.0.tgz",
      "integrity": "sha512-dD1VU8I7rmBhyWNYcwqlHIhVJ9ct3fiYRTJX8siuOxc9MMhpn0W3zuI1BUH0wtZWByb6Afe4tvM20Hcev5xqfQ=="
    }
  },
  "dependencies": {
    "@eshaz/web-worker": {
      "version": "1.2.0",
      "resolved": "https://registry.npmjs.org/@eshaz/web-worker/-/web-worker-1.2.0.tgz",
      "integrity": "sha512-HWobmNKFZ8eARo39vEjkviTIISudgzrTyAqab9pOB/qNfnUPIUUMZv6+eEUUfXnkqWCLS3zreTn9YzaRvO8vIA=="
    },
    "@wasm-audio-decoders/common": {
      "version": "6.1.0",
      "resolved": "https://registry.npmjs.org/@wasm-audio-decoders/common/-/common-6.1.0.tgz",
      "integrity": "sha512-uWjPUq8VNnNsn8KYZDwlDJFsjDKumCT9S3lADMQbcqbImch777CrrGzh7jfmFNrumpNfPNL2SGmzm5JhWHbG/g==",
      "requires": {
        "@eshaz/web-worker": "1.2.0"
      }
    },
    "codec-parser": {
      "version": "2.2.0",
      "resolved": "https://registry.npmjs.org/codec-parser/-/codec-parser-2.2.0.tgz",
      "integrity": "sha512-dD1VU8I7rmBhyWNYcwqlHIhVJ9ct3fiYRTJX8siuOxc9MMhpn0W3zuI1BUH0wtZWByb6Afe4tvM20Hcev5xqfQ=="
    }
  }
}
