{
  "name": "mpg123-decoder",
  "version": "0.3.0",
  "lockfileVersion": 2,
  "requires": true,
  "packages": {
    "": {
      "name": "mpg123-decoder",
      "version": "0.3.0",
      "license": "MIT",
      "dependencies": {
        "web-worker": "^1.1.0"
      }
    },
    "node_modules/web-worker": {
      "version": "1.1.0",
      "resolved": "https://registry.npmjs.org/web-worker/-/web-worker-1.1.0.tgz",
      "integrity": "sha512-BsAzCx5k71qqjPXD5+nBEiLaH/5glNV1OASF2kB+13qkajkScd70mo0E4U0GyhD9nUGgWmSq8dVUqlIOdfICUg=="
    }
  },
  "dependencies": {
    "web-worker": {
      "version": "1.1.0",
      "resolved": "https://registry.npmjs.org/web-worker/-/web-worker-1.1.0.tgz",
      "integrity": "sha512-BsAzCx5k71qqjPXD5+nBEiLaH/5glNV1OASF2kB+13qkajkScd70mo0E4U0GyhD9nUGgWmSq8dVUqlIOdfICUg=="
    }
  }
}
