{
  "name": "mpg123-decoder",
  "version": "0.3.15",
  "lockfileVersion": 2,
  "requires": true,
  "packages": {
    "": {
      "name": "mpg123-decoder",
      "version": "0.3.15",
      "license": "MIT",
      "dependencies": {
        "@wasm-audio-decoders/common": "5.0.1"
      },
      "funding": {
        "type": "individual",
        "url": "https://github.com/sponsors/eshaz"
      }
    },
    "node_modules/@wasm-audio-decoders/common": {
      "version": "5.0.1",
      "resolved": "https://registry.npmjs.org/@wasm-audio-decoders/common/-/common-5.0.1.tgz",
      "integrity": "sha512-f3BqYo4B/yYo8hVIWOm2EQO19QGBElrfSmcMFRFCfciPTCU6rtnY5st7T4Eu4O+TR9+grDcnUlqKsfFdSanJ7g==",
      "dependencies": {
        "web-worker": "^1.1.0"
      }
    },
    "node_modules/web-worker": {
      "version": "1.2.0",
      "resolved": "https://registry.npmjs.org/web-worker/-/web-worker-1.2.0.tgz",
      "integrity": "sha512-PgF341avzqyx60neE9DD+XS26MMNMoUQRz9NOZwW32nPQrF6p77f1htcnjBSEV8BGMKZ16choqUG4hyI0Hx7mA=="
    }
  },
  "dependencies": {
    "@wasm-audio-decoders/common": {
      "version": "5.0.1",
      "resolved": "https://registry.npmjs.org/@wasm-audio-decoders/common/-/common-5.0.1.tgz",
      "integrity": "sha512-f3BqYo4B/yYo8hVIWOm2EQO19QGBElrfSmcMFRFCfciPTCU6rtnY5st7T4Eu4O+TR9+grDcnUlqKsfFdSanJ7g==",
      "requires": {
        "web-worker": "^1.1.0"
      }
    },
    "web-worker": {
      "version": "1.2.0",
      "resolved": "https://registry.npmjs.org/web-worker/-/web-worker-1.2.0.tgz",
      "integrity": "sha512-PgF341avzqyx60neE9DD+XS26MMNMoUQRz9NOZwW32nPQrF6p77f1htcnjBSEV8BGMKZ16choqUG4hyI0Hx7mA=="
    }
  }
}
