{
  "name": "mpg123-decoder",
  "version": "0.3.12",
  "lockfileVersion": 2,
  "requires": true,
  "packages": {
    "": {
      "name": "mpg123-decoder",
      "version": "0.3.12",
      "license": "MIT",
      "dependencies": {
        "@wasm-audio-decoders/common": "../common"
      },
      "funding": {
        "type": "individual",
        "url": "https://github.com/sponsors/eshaz"
      }
    },
    "../common": {
      "name": "@wasm-audio-decoders/common",
      "version": "4.0.0",
      "license": "MIT",
      "dependencies": {
        "web-worker": "^1.1.0"
      }
    },
    "../common/node_modules/web-worker": {
      "version": "1.2.0",
      "resolved": "https://registry.npmjs.org/web-worker/-/web-worker-1.2.0.tgz",
      "integrity": "sha512-PgF341avzqyx60neE9DD+XS26MMNMoUQRz9NOZwW32nPQrF6p77f1htcnjBSEV8BGMKZ16choqUG4hyI0Hx7mA=="
    },
    "node_modules/@wasm-audio-decoders/common": {
      "resolved": "../common",
      "link": true
    }
  },
  "dependencies": {
    "@wasm-audio-decoders/common": {
      "version": "file:../common",
      "requires": {
        "web-worker": "^1.1.0"
      },
      "dependencies": {
        "web-worker": {
          "version": "1.2.0",
          "resolved": "https://registry.npmjs.org/web-worker/-/web-worker-1.2.0.tgz",
          "integrity": "sha512-PgF341avzqyx60neE9DD+XS26MMNMoUQRz9NOZwW32nPQrF6p77f1htcnjBSEV8BGMKZ16choqUG4hyI0Hx7mA=="
        }
      }
    }
  }
}
