{
  "name": "ogg-opus-decoder",
  "version": "1.6.9",
  "lockfileVersion": 3,
  "requires": true,
  "packages": {
    "": {
      "name": "ogg-opus-decoder",
      "version": "1.6.9",
      "license": "MIT",
      "dependencies": {
        "@wasm-audio-decoders/common": "9.0.3",
        "codec-parser": "2.4.3",
        "opus-decoder": "0.7.4"
      },
      "funding": {
        "type": "individual",
        "url": "https://github.com/sponsors/eshaz"
      }
    },
    "node_modules/@eshaz/web-worker": {
      "version": "1.2.2",
      "resolved": "https://registry.npmjs.org/@eshaz/web-worker/-/web-worker-1.2.2.tgz",
      "integrity": "sha512-WxXiHFmD9u/owrzempiDlBB1ZYqiLnm9s6aPc8AlFQalq2tKmqdmMr9GXOupDgzXtqnBipj8Un0gkIm7Sjf8mw=="
    },
    "node_modules/@wasm-audio-decoders/common": {
      "version": "9.0.3",
      "resolved": "https://registry.npmjs.org/@wasm-audio-decoders/common/-/common-9.0.3.tgz",
      "integrity": "sha512-+usSzqjYp2oOwcr9Leqlpjyz0SNuEYnOjtnAvloxXWs6LXwGE7p4X89uhAZj2P1olbkP/eva8vJa8VEcr7s1DQ==",
      "dependencies": {
        "@eshaz/web-worker": "1.2.2"
      }
    },
    "node_modules/codec-parser": {
      "version": "2.4.3",
      "resolved": "https://registry.npmjs.org/codec-parser/-/codec-parser-2.4.3.tgz",
      "integrity": "sha512-3dAvFtdpxn4YLstqsB2ZiJXXNg7n1j7R5ONeDuk+2kBkb39PwrCRytOFHlSWA8q5jCjW3PumeMv9q37bFHsijg=="
    },
    "node_modules/opus-decoder": {
      "version": "0.7.4",
      "resolved": "https://registry.npmjs.org/opus-decoder/-/opus-decoder-0.7.4.tgz",
      "integrity": "sha512-+8gCUX+9LvIWcw2y30BR1pLmq6iXHvV0LJuCbqpjX7egiMfDLXjh4gqikj041MX5rkMqYJlMSyjzhJxtDqRmBg==",
      "dependencies": {
        "@wasm-audio-decoders/common": "9.0.3"
      },
      "funding": {
        "type": "individual",
        "url": "https://github.com/sponsors/eshaz"
      }
    }
  }
}
