{
  "name": "ogg-opus-decoder",
  "version": "1.2.3",
  "lockfileVersion": 2,
  "requires": true,
  "packages": {
    "": {
      "name": "ogg-opus-decoder",
      "version": "1.2.3",
      "license": "MIT",
      "dependencies": {
        "@wasm-audio-decoders/common": "file:../common",
        "web-worker": "^1.1.0"
      }
    },
    "../common": {
      "version": "0.0.1",
      "license": "MIT",
      "dependencies": {
        "web-worker": "^1.1.0"
      }
    },
    "node_modules/@wasm-audio-decoders/common": {
      "resolved": "../common",
      "link": true
    },
    "node_modules/web-worker": {
      "version": "1.2.0",
      "resolved": "https://registry.npmjs.org/web-worker/-/web-worker-1.2.0.tgz",
      "integrity": "sha512-PgF341avzqyx60neE9DD+XS26MMNMoUQRz9NOZwW32nPQrF6p77f1htcnjBSEV8BGMKZ16choqUG4hyI0Hx7mA=="
    }
  },
  "dependencies": {
    "@wasm-audio-decoders/common": {
      "version": "file:../common",
      "requires": {
        "web-worker": "^1.1.0"
      }
    },
    "web-worker": {
      "version": "1.2.0",
      "resolved": "https://registry.npmjs.org/web-worker/-/web-worker-1.2.0.tgz",
      "integrity": "sha512-PgF341avzqyx60neE9DD+XS26MMNMoUQRz9NOZwW32nPQrF6p77f1htcnjBSEV8BGMKZ16choqUG4hyI0Hx7mA=="
    }
  }
}
