{
  "name": "@wasm-audio-decoders/ogg-vorbis",
  "version": "0.1.0",
  "lockfileVersion": 3,
  "requires": true,
  "packages": {
    "": {
      "name": "@wasm-audio-decoders/ogg-vorbis",
      "version": "0.1.0",
      "license": "MIT",
      "dependencies": {
        "@wasm-audio-decoders/common": "7.0.1",
        "codec-parser": "2.2.1"
      },
      "funding": {
        "type": "individual",
        "url": "https://github.com/sponsors/eshaz"
      }
    },
    "node_modules/@eshaz/web-worker": {
      "version": "1.2.0",
      "resolved": "https://registry.npmjs.org/@eshaz/web-worker/-/web-worker-1.2.0.tgz",
      "integrity": "sha512-HWobmNKFZ8eARo39vEjkviTIISudgzrTyAqab9pOB/qNfnUPIUUMZv6+eEUUfXnkqWCLS3zreTn9YzaRvO8vIA=="
    },
    "node_modules/@wasm-audio-decoders/common": {
      "version": "7.0.1",
      "resolved": "https://registry.npmjs.org/@wasm-audio-decoders/common/-/common-7.0.1.tgz",
      "integrity": "sha512-FliWMO+kceMqFDxSzzPFvYRRhjCTLrD73nY3YfjGoTF5/eCO7L3/3J42K1kKNYiLnbzrS8PEjyQWUx/PsixN0g==",
      "dependencies": {
        "@eshaz/web-worker": "1.2.0"
      }
    },
    "node_modules/codec-parser": {
      "version": "2.2.1",
      "resolved": "https://registry.npmjs.org/codec-parser/-/codec-parser-2.2.1.tgz",
      "integrity": "sha512-PcbBwzEWCyGOIBO7rzYiqZuZzb5pDEMBLAE97jwZrS15ZTbxRDiJyqpldxbV0gXl+owPHWL120QSq+fDe90hnA=="
    }
  }
}
