{
  "name": "@wasm-audio-decoders/ogg-vorbis",
  "version": "0.1.4",
  "lockfileVersion": 3,
  "requires": true,
  "packages": {
    "": {
      "name": "@wasm-audio-decoders/ogg-vorbis",
      "version": "0.1.4",
      "license": "MIT",
      "dependencies": {
        "@wasm-audio-decoders/common": "9.0.0",
        "codec-parser": "2.4.0"
      },
      "funding": {
        "type": "individual",
        "url": "https://github.com/sponsors/eshaz"
      }
    },
    "node_modules/@eshaz/web-worker": {
      "version": "1.2.0",
      "resolved": "https://registry.npmjs.org/@eshaz/web-worker/-/web-worker-1.2.0.tgz",
      "integrity": "sha512-HWobmNKFZ8eARo39vEjkviTIISudgzrTyAqab9pOB/qNfnUPIUUMZv6+eEUUfXnkqWCLS3zreTn9YzaRvO8vIA=="
    },
    "node_modules/@wasm-audio-decoders/common": {
      "version": "9.0.0",
      "resolved": "https://registry.npmjs.org/@wasm-audio-decoders/common/-/common-9.0.0.tgz",
      "integrity": "sha512-vXcPPJWataDlyZoKNtGfJi2i/Ecqdt4LWIyJcnI9GUpPtcPSQW3XNlnNaWCVJVlMgPUKQA9nb6Sr34+NDYzRMA==",
      "dependencies": {
        "@eshaz/web-worker": "1.2.0"
      }
    },
    "node_modules/codec-parser": {
      "version": "2.4.0",
      "resolved": "https://registry.npmjs.org/codec-parser/-/codec-parser-2.4.0.tgz",
      "integrity": "sha512-WSIMZYuW/+i1o92XAa7nVqdKtTihfcj7JSDUcpm2ZT3pBhTahSaGQaGfRKY4/nctrM+ePc3KwExSAVly/ckiCQ=="
    }
  }
}
