{
  "name": "@wasm-audio-decoders/common",
  "version": "9.0.1",
  "lockfileVersion": 3,
  "requires": true,
  "packages": {
    "": {
      "name": "@wasm-audio-decoders/common",
      "version": "9.0.1",
      "license": "MIT",
      "dependencies": {
        "@eshaz/web-worker": "1.2.1"
      }
    },
    "node_modules/@eshaz/web-worker": {
      "version": "1.2.1",
      "resolved": "https://registry.npmjs.org/@eshaz/web-worker/-/web-worker-1.2.1.tgz",
      "integrity": "sha512-v5AKAVtM0toVD2rDCGjzhySWlXG/sG5HVialdzrxFKTAnFZNCjQelX0n2tPK0tE86jf4s3hpWlpRtOh8OObktg=="
    }
  }
}
