{
  "name": "@wasm-audio-decoders/common",
  "version": "9.0.3",
  "lockfileVersion": 3,
  "requires": true,
  "packages": {
    "": {
      "name": "@wasm-audio-decoders/common",
      "version": "9.0.3",
      "license": "MIT",
      "dependencies": {
        "@eshaz/web-worker": "1.2.2"
      }
    },
    "node_modules/@eshaz/web-worker": {
      "version": "1.2.2",
      "resolved": "https://registry.npmjs.org/@eshaz/web-worker/-/web-worker-1.2.2.tgz",
      "integrity": "sha512-WxXiHFmD9u/owrzempiDlBB1ZYqiLnm9s6aPc8AlFQalq2tKmqdmMr9GXOupDgzXtqnBipj8Un0gkIm7Sjf8mw=="
    }
  }
}
