{
  "name": "@wasm-audio-decoders/common",
  "version": "6.0.1",
  "lockfileVersion": 2,
  "requires": true,
  "packages": {
    "": {
      "name": "@wasm-audio-decoders/common",
      "version": "6.0.1",
      "license": "MIT",
      "dependencies": {
        "@eshaz/web-worker": "1.2.0"
      }
    },
    "node_modules/@eshaz/web-worker": {
      "version": "1.2.0",
      "resolved": "https://registry.npmjs.org/@eshaz/web-worker/-/web-worker-1.2.0.tgz",
      "integrity": "sha512-HWobmNKFZ8eARo39vEjkviTIISudgzrTyAqab9pOB/qNfnUPIUUMZv6+eEUUfXnkqWCLS3zreTn9YzaRvO8vIA=="
    }
  },
  "dependencies": {
    "@eshaz/web-worker": {
      "version": "1.2.0",
      "resolved": "https://registry.npmjs.org/@eshaz/web-worker/-/web-worker-1.2.0.tgz",
      "integrity": "sha512-HWobmNKFZ8eARo39vEjkviTIISudgzrTyAqab9pOB/qNfnUPIUUMZv6+eEUUfXnkqWCLS3zreTn9YzaRvO8vIA=="
    }
  }
}
